
Microsoft Visual Studio Solution File, Format Version 12.00
# Visual Studio Version 17
VisualStudioVersion = 17.3.32929.385
MinimumVisualStudioVersion = 10.0.40219.1
Project("{FAE04EC0-301F-11D3-BF4B-00C04F79EFBC}") = "DZ-1-1", "DZ-1-1.csproj", "{F2A49B02-AAB8-49A0-AEE1-4BA1C9BC5A95}"
EndProject
Global
	GlobalSection(SolutionConfigurationPlatforms) = preSolution
		Debug|Any CPU = Debug|Any CPU
		Release|Any CPU = Release|Any CPU
	EndGlobalSection
	GlobalSection(ProjectConfigurationPlatforms) = postSolution
		{F2A49B02-AAB8-49A0-AEE1-4BA1C9BC5A95}.Debug|Any CPU.ActiveCfg = Debug|Any CPU
		{F2A49B02-AAB8-49A0-AEE1-4BA1C9BC5A95}.Debug|Any CPU.Build.0 = Debug|Any CPU
		{F2A49B02-AAB8-49A0-AEE1-4BA1C9BC5A95}.Release|Any CPU.ActiveCfg = Release|Any CPU
		{F2A49B02-AAB8-49A0-AEE1-4BA1C9BC5A95}.Release|Any CPU.Build.0 = Release|Any CPU
	EndGlobalSection
	GlobalSection(SolutionProperties) = preSolution
		HideSolutionNode = FALSE
	EndGlobalSection
	GlobalSection(ExtensibilityGlobals) = postSolution
		SolutionGuid = {7C90DD34-A281-4EFD-B998-F621E791415E}
	EndGlobalSection
EndGlobal
