
Microsoft Visual Studio Solution File, Format Version 12.00
# Visual Studio Version 17
VisualStudioVersion = 17.3.32929.385
MinimumVisualStudioVersion = 10.0.40219.1
Project("{FAE04EC0-301F-11D3-BF4B-00C04F79EFBC}") = "DZ-1-2", "DZ-1-2.csproj", "{7D7A653C-7F83-4216-99B9-E0E186399721}"
EndProject
Global
	GlobalSection(SolutionConfigurationPlatforms) = preSolution
		Debug|Any CPU = Debug|Any CPU
		Release|Any CPU = Release|Any CPU
	EndGlobalSection
	GlobalSection(ProjectConfigurationPlatforms) = postSolution
		{7D7A653C-7F83-4216-99B9-E0E186399721}.Debug|Any CPU.ActiveCfg = Debug|Any CPU
		{7D7A653C-7F83-4216-99B9-E0E186399721}.Debug|Any CPU.Build.0 = Debug|Any CPU
		{7D7A653C-7F83-4216-99B9-E0E186399721}.Release|Any CPU.ActiveCfg = Release|Any CPU
		{7D7A653C-7F83-4216-99B9-E0E186399721}.Release|Any CPU.Build.0 = Release|Any CPU
	EndGlobalSection
	GlobalSection(SolutionProperties) = preSolution
		HideSolutionNode = FALSE
	EndGlobalSection
	GlobalSection(ExtensibilityGlobals) = postSolution
		SolutionGuid = {E6B34F29-AA79-43DA-9564-BB12949EDDEF}
	EndGlobalSection
EndGlobal
