
Microsoft Visual Studio Solution File, Format Version 12.00
# Visual Studio Version 17
VisualStudioVersion = 17.3.32929.385
MinimumVisualStudioVersion = 10.0.40219.1
Project("{FAE04EC0-301F-11D3-BF4B-00C04F79EFBC}") = "Udalenoe zanitie", "Udalenoe zanitie.csproj", "{14B0CC8D-0718-415D-84B7-C4D39D47DD68}"
EndProject
Global
	GlobalSection(SolutionConfigurationPlatforms) = preSolution
		Debug|Any CPU = Debug|Any CPU
		Release|Any CPU = Release|Any CPU
	EndGlobalSection
	GlobalSection(ProjectConfigurationPlatforms) = postSolution
		{14B0CC8D-0718-415D-84B7-C4D39D47DD68}.Debug|Any CPU.ActiveCfg = Debug|Any CPU
		{14B0CC8D-0718-415D-84B7-C4D39D47DD68}.Debug|Any CPU.Build.0 = Debug|Any CPU
		{14B0CC8D-0718-415D-84B7-C4D39D47DD68}.Release|Any CPU.ActiveCfg = Release|Any CPU
		{14B0CC8D-0718-415D-84B7-C4D39D47DD68}.Release|Any CPU.Build.0 = Release|Any CPU
	EndGlobalSection
	GlobalSection(SolutionProperties) = preSolution
		HideSolutionNode = FALSE
	EndGlobalSection
	GlobalSection(ExtensibilityGlobals) = postSolution
		SolutionGuid = {1B6266DB-0F56-4C3C-8CFC-0646E1709510}
	EndGlobalSection
EndGlobal
